
Microsoft Visual Studio Solution File, Format Version 12.00
# Visual Studio Version 17
VisualStudioVersion = 17.14.36414.22
MinimumVisualStudioVersion = 10.0.40219.1
Project("{FAE04EC0-301F-11D3-BF4B-00C04F79EFBC}") = "MyApp", "MyApp\MyApp.csproj", "{B1C4EC63-6465-4EB9-9EDD-4964BA752294}"
EndProject
Project("{FAE04EC0-301F-11D3-BF4B-00C04F79EFBC}") = "MyApp.Tests", "MyApp.Tests\MyApp.Tests.csproj", "{62FFA54F-6CC7-46AC-98B7-3D9562C7BF12}"
EndProject
Global
	GlobalSection(SolutionConfigurationPlatforms) = preSolution
		Debug|Any CPU = Debug|Any CPU
		Release|Any CPU = Release|Any CPU
	EndGlobalSection
	GlobalSection(ProjectConfigurationPlatforms) = postSolution
		{B1C4EC63-6465-4EB9-9EDD-4964BA752294}.Debug|Any CPU.ActiveCfg = Debug|Any CPU
		{B1C4EC63-6465-4EB9-9EDD-4964BA752294}.Debug|Any CPU.Build.0 = Debug|Any CPU
		{B1C4EC63-6465-4EB9-9EDD-4964BA752294}.Release|Any CPU.ActiveCfg = Release|Any CPU
		{B1C4EC63-6465-4EB9-9EDD-4964BA752294}.Release|Any CPU.Build.0 = Release|Any CPU
		{62FFA54F-6CC7-46AC-98B7-3D9562C7BF12}.Debug|Any CPU.ActiveCfg = Debug|Any CPU
		{62FFA54F-6CC7-46AC-98B7-3D9562C7BF12}.Debug|Any CPU.Build.0 = Debug|Any CPU
		{62FFA54F-6CC7-46AC-98B7-3D9562C7BF12}.Release|Any CPU.ActiveCfg = Release|Any CPU
		{62FFA54F-6CC7-46AC-98B7-3D9562C7BF12}.Release|Any CPU.Build.0 = Release|Any CPU
	EndGlobalSection
	GlobalSection(SolutionProperties) = preSolution
		HideSolutionNode = FALSE
	EndGlobalSection
	GlobalSection(ExtensibilityGlobals) = postSolution
		SolutionGuid = {4C069E32-7811-429C-AA98-7EC9C0A50C00}
	EndGlobalSection
EndGlobal
